
Microsoft Visual Studio Solution File, Format Version 12.00
# Visual Studio Version 17
VisualStudioVersion = 17.2.32317.152
MinimumVisualStudioVersion = 10.0.40219.1
Project("{FAE04EC0-301F-11D3-BF4B-00C04F79EFBC}") = "TP3_GRUPO_2", "TP3_GRUPO_2\TP3_GRUPO_2.csproj", "{54A2E965-207E-4EF9-97C5-F6600237D986}"
EndProject
Global
	GlobalSection(SolutionConfigurationPlatforms) = preSolution
		Debug|Any CPU = Debug|Any CPU
		Release|Any CPU = Release|Any CPU
	EndGlobalSection
	GlobalSection(ProjectConfigurationPlatforms) = postSolution
		{54A2E965-207E-4EF9-97C5-F6600237D986}.Debug|Any CPU.ActiveCfg = Debug|Any CPU
		{54A2E965-207E-4EF9-97C5-F6600237D986}.Debug|Any CPU.Build.0 = Debug|Any CPU
		{54A2E965-207E-4EF9-97C5-F6600237D986}.Release|Any CPU.ActiveCfg = Release|Any CPU
		{54A2E965-207E-4EF9-97C5-F6600237D986}.Release|Any CPU.Build.0 = Release|Any CPU
	EndGlobalSection
	GlobalSection(SolutionProperties) = preSolution
		HideSolutionNode = FALSE
	EndGlobalSection
	GlobalSection(ExtensibilityGlobals) = postSolution
		SolutionGuid = {D3553695-424A-429B-8F9D-44EFFB1B6CD0}
	EndGlobalSection
EndGlobal
